
Microsoft Visual Studio Solution File, Format Version 12.00
# Visual Studio Version 17
VisualStudioVersion = 17.13.35825.156
MinimumVisualStudioVersion = 10.0.40219.1
Project("{FAE04EC0-301F-11D3-BF4B-00C04F79EFBC}") = "DVLD", "DVLD.csproj", "{35B96B5B-6A0E-4AC3-8E73-D8769E30581E}"
EndProject
Project("{FAE04EC0-301F-11D3-BF4B-00C04F79EFBC}") = "DVLD.Business", "..\DVLD.Business\DVLD.Business.csproj", "{89C9E25D-62FD-4C8F-8A7A-5BF6595385FA}"
EndProject
Project("{FAE04EC0-301F-11D3-BF4B-00C04F79EFBC}") = "DVLD.DataAccess", "..\DVLD.DataAccess\DVLD.DataAccess.csproj", "{2D086E1C-C6FC-4E8B-A00A-2DACB508282A}"
EndProject
Global
	GlobalSection(SolutionConfigurationPlatforms) = preSolution
		Debug|Any CPU = Debug|Any CPU
		Release|Any CPU = Release|Any CPU
	EndGlobalSection
	GlobalSection(ProjectConfigurationPlatforms) = postSolution
		{35B96B5B-6A0E-4AC3-8E73-D8769E30581E}.Debug|Any CPU.ActiveCfg = Debug|Any CPU
		{35B96B5B-6A0E-4AC3-8E73-D8769E30581E}.Debug|Any CPU.Build.0 = Debug|Any CPU
		{35B96B5B-6A0E-4AC3-8E73-D8769E30581E}.Release|Any CPU.ActiveCfg = Release|Any CPU
		{35B96B5B-6A0E-4AC3-8E73-D8769E30581E}.Release|Any CPU.Build.0 = Release|Any CPU
		{89C9E25D-62FD-4C8F-8A7A-5BF6595385FA}.Debug|Any CPU.ActiveCfg = Debug|Any CPU
		{89C9E25D-62FD-4C8F-8A7A-5BF6595385FA}.Debug|Any CPU.Build.0 = Debug|Any CPU
		{89C9E25D-62FD-4C8F-8A7A-5BF6595385FA}.Release|Any CPU.ActiveCfg = Release|Any CPU
		{89C9E25D-62FD-4C8F-8A7A-5BF6595385FA}.Release|Any CPU.Build.0 = Release|Any CPU
		{2D086E1C-C6FC-4E8B-A00A-2DACB508282A}.Debug|Any CPU.ActiveCfg = Debug|Any CPU
		{2D086E1C-C6FC-4E8B-A00A-2DACB508282A}.Debug|Any CPU.Build.0 = Debug|Any CPU
		{2D086E1C-C6FC-4E8B-A00A-2DACB508282A}.Release|Any CPU.ActiveCfg = Release|Any CPU
		{2D086E1C-C6FC-4E8B-A00A-2DACB508282A}.Release|Any CPU.Build.0 = Release|Any CPU
	EndGlobalSection
	GlobalSection(SolutionProperties) = preSolution
		HideSolutionNode = FALSE
	EndGlobalSection
	GlobalSection(ExtensibilityGlobals) = postSolution
		SolutionGuid = {DC169244-CD0D-44A1-A5BA-B557D60034A5}
	EndGlobalSection
EndGlobal
